
Microsoft Visual Studio Solution File, Format Version 12.00
# Visual Studio Version 17
VisualStudioVersion = 17.10.35027.167
MinimumVisualStudioVersion = 10.0.40219.1
Project("{FAE04EC0-301F-11D3-BF4B-00C04F79EFBC}") = "GameZone", "GameZone\GameZone.csproj", "{0676C77A-C112-404E-AA2F-3DBA7F9B4653}"
EndProject
Global
	GlobalSection(SolutionConfigurationPlatforms) = preSolution
		Debug|Any CPU = Debug|Any CPU
		Release|Any CPU = Release|Any CPU
	EndGlobalSection
	GlobalSection(ProjectConfigurationPlatforms) = postSolution
		{0676C77A-C112-404E-AA2F-3DBA7F9B4653}.Debug|Any CPU.ActiveCfg = Debug|Any CPU
		{0676C77A-C112-404E-AA2F-3DBA7F9B4653}.Debug|Any CPU.Build.0 = Debug|Any CPU
		{0676C77A-C112-404E-AA2F-3DBA7F9B4653}.Release|Any CPU.ActiveCfg = Release|Any CPU
		{0676C77A-C112-404E-AA2F-3DBA7F9B4653}.Release|Any CPU.Build.0 = Release|Any CPU
	EndGlobalSection
	GlobalSection(SolutionProperties) = preSolution
		HideSolutionNode = FALSE
	EndGlobalSection
	GlobalSection(ExtensibilityGlobals) = postSolution
		SolutionGuid = {FF146ADB-D0AF-436E-99E1-B7AD336A2C03}
	EndGlobalSection
EndGlobal
